{
  "requires": true,
  "lockfileVersion": 1,
  "dependencies": {
    "bootstrap-table": {
      "version": "1.20.2",
      "resolved": "https://registry.npmjs.org/bootstrap-table/-/bootstrap-table-1.20.2.tgz",
      "integrity": "sha512-6j9zfjjK6VZyJj8KsH+LnGczqglmMvMctGAoEAKDvrQ92ExQbA3mHGYPQr9iPrzoyeGL8+6Dyx6LqJbWmWmBoA=="
    },
    "bootstrap-table-filter": {
      "version": "1.0.2",
      "resolved": "https://registry.npmjs.org/bootstrap-table-filter/-/bootstrap-table-filter-1.0.2.tgz",
      "integrity": "sha512-icZQAGOWnxp6ICLpBBq4JQ98tgsT4mRfazzU5Z6Nc3e9jQyn0MT13QHwR8FRY+TZZ2K1euHFkwI9tdqGvPcWSw==",
      "requires": {
        "jquery": ">=1.9.1"
      }
    },
    "jquery": {
      "version": "3.6.0",
      "resolved": "https://registry.npmjs.org/jquery/-/jquery-3.6.0.tgz",
      "integrity": "sha512-JVzAR/AjBvVt2BmYhxRCSYysDsPcssdmTFnzyLEts9qNwmjmu4JTAMYubEfwVOSwpQ1I1sKKFcxhZCI2buerfw=="
    }
  }
}
